// !$*UTF8*$!
{
	archiveVersion = 1;
	classes = {
	};
	objectVersion = 56;
	objects = {

/* Begin PBXBuildFile section */
		BB0000000000000000000001 /* ChangeYourIconsApp.swift in Sources */ = {isa = PBXBuildFile; fileRef = AA0000000000000000000001 /* ChangeYourIconsApp.swift */; };
		BB0000000000000000000002 /* ContentView.swift in Sources */ = {isa = PBXBuildFile; fileRef = AA0000000000000000000002 /* ContentView.swift */; };
		BB0000000000000000000003 /* AppTarget.swift in Sources */ = {isa = PBXBuildFile; fileRef = AA0000000000000000000003 /* AppTarget.swift */; };
		BB0000000000000000000004 /* IconApplier.swift in Sources */ = {isa = PBXBuildFile; fileRef = AA0000000000000000000004 /* IconApplier.swift */; };
		BB0000000000000000000005 /* MacOSIconsWebView.swift in Sources */ = {isa = PBXBuildFile; fileRef = AA0000000000000000000005 /* MacOSIconsWebView.swift */; };
		BB0000000000000000000008 /* AppLibrary.swift in Sources */ = {isa = PBXBuildFile; fileRef = AA0000000000000000000008 /* AppLibrary.swift */; };
/* End PBXBuildFile section */

/* Begin PBXFileReference section */
		DD0000000000000000000001 /* ChangeYourIcons.app */ = {isa = PBXFileReference; explicitFileType = wrapper.application; includeInIndex = 0; path = ChangeYourIcons.app; sourceTree = BUILT_PRODUCTS_DIR; };
		AA0000000000000000000001 /* ChangeYourIconsApp.swift */ = {isa = PBXFileReference; lastKnownFileType = sourcecode.swift; path = ChangeYourIconsApp.swift; sourceTree = "<group>"; };
		AA0000000000000000000002 /* ContentView.swift */ = {isa = PBXFileReference; lastKnownFileType = sourcecode.swift; path = ContentView.swift; sourceTree = "<group>"; };
		AA0000000000000000000003 /* AppTarget.swift */ = {isa = PBXFileReference; lastKnownFileType = sourcecode.swift; path = AppTarget.swift; sourceTree = "<group>"; };
		AA0000000000000000000004 /* IconApplier.swift */ = {isa = PBXFileReference; lastKnownFileType = sourcecode.swift; path = IconApplier.swift; sourceTree = "<group>"; };
		AA0000000000000000000005 /* MacOSIconsWebView.swift */ = {isa = PBXFileReference; lastKnownFileType = sourcecode.swift; path = MacOSIconsWebView.swift; sourceTree = "<group>"; };
		AA0000000000000000000006 /* Info.plist */ = {isa = PBXFileReference; lastKnownFileType = text.plist.xml; path = Info.plist; sourceTree = "<group>"; };
		AA0000000000000000000007 /* ChangeYourIcons.entitlements */ = {isa = PBXFileReference; lastKnownFileType = text.plist.entitlements; path = ChangeYourIcons.entitlements; sourceTree = "<group>"; };
		AA0000000000000000000008 /* AppLibrary.swift */ = {isa = PBXFileReference; lastKnownFileType = sourcecode.swift; path = AppLibrary.swift; sourceTree = "<group>"; };
/* End PBXFileReference section */

/* Begin PBXFrameworksBuildPhase section */
		2200000000000000000001 /* Frameworks */ = {
			isa = PBXFrameworksBuildPhase;
			buildActionMask = 2147483647;
			files = (
			);
			runOnlyForDeploymentPostprocessing = 0;
		};
/* End PBXFrameworksBuildPhase section */

/* Begin PBXGroup section */
		CC0000000000000000000001 = {
			isa = PBXGroup;
			children = (
				CC0000000000000000000002 /* ChangeYourIcons */,
				CC0000000000000000000003 /* Products */,
			);
			sourceTree = "<group>";
		};
		CC0000000000000000000002 /* ChangeYourIcons */ = {
			isa = PBXGroup;
			children = (
				AA0000000000000000000001 /* ChangeYourIconsApp.swift */,
				AA0000000000000000000002 /* ContentView.swift */,
				AA0000000000000000000003 /* AppTarget.swift */,
				AA0000000000000000000004 /* IconApplier.swift */,
				AA0000000000000000000005 /* MacOSIconsWebView.swift */,
				AA0000000000000000000008 /* AppLibrary.swift */,
				AA0000000000000000000006 /* Info.plist */,
				AA0000000000000000000007 /* ChangeYourIcons.entitlements */,
			);
			path = ChangeYourIcons;
			sourceTree = "<group>";
		};
		CC0000000000000000000003 /* Products */ = {
			isa = PBXGroup;
			children = (
				DD0000000000000000000001 /* ChangeYourIcons.app */,
			);
			name = Products;
			sourceTree = "<group>";
		};
/* End PBXGroup section */

/* Begin PBXNativeTarget section */
		EE0000000000000000000001 /* ChangeYourIcons */ = {
			isa = PBXNativeTarget;
			buildConfigurationList = 5500000000000000000001 /* Build configuration list for PBXNativeTarget "ChangeYourIcons" */;
			buildPhases = (
				1100000000000000000001 /* Sources */,
				2200000000000000000001 /* Frameworks */,
				3300000000000000000001 /* Resources */,
			);
			buildRules = (
			);
			dependencies = (
			);
			name = ChangeYourIcons;
			productName = ChangeYourIcons;
			productReference = DD0000000000000000000001 /* ChangeYourIcons.app */;
			productType = "com.apple.product-type.application";
		};
/* End PBXNativeTarget section */

/* Begin PBXProject section */
		FF0000000000000000000001 /* Project object */ = {
			isa = PBXProject;
			attributes = {
				BuildIndependentTargetsInParallel = 1;
				LastSwiftUpdateCheck = 2660;
				LastUpgradeCheck = 2660;
				TargetAttributes = {
					EE0000000000000000000001 = {
						CreatedOnToolsVersion = 26.6;
					};
				};
			};
			buildConfigurationList = 4400000000000000000001 /* Build configuration list for PBXProject "ChangeYourIcons" */;
			compatibilityVersion = "Xcode 14.0";
			developmentRegion = en;
			hasScannedForEncodings = 0;
			knownRegions = (
				en,
				Base,
			);
			mainGroup = CC0000000000000000000001;
			productRefGroup = CC0000000000000000000003 /* Products */;
			projectDirPath = "";
			projectRoot = "";
			targets = (
				EE0000000000000000000001 /* ChangeYourIcons */,
			);
		};
/* End PBXProject section */

/* Begin PBXResourcesBuildPhase section */
		3300000000000000000001 /* Resources */ = {
			isa = PBXResourcesBuildPhase;
			buildActionMask = 2147483647;
			files = (
			);
			runOnlyForDeploymentPostprocessing = 0;
		};
/* End PBXResourcesBuildPhase section */

/* Begin PBXSourcesBuildPhase section */
		1100000000000000000001 /* Sources */ = {
			isa = PBXSourcesBuildPhase;
			buildActionMask = 2147483647;
			files = (
				BB0000000000000000000001 /* ChangeYourIconsApp.swift in Sources */,
				BB0000000000000000000002 /* ContentView.swift in Sources */,
				BB0000000000000000000003 /* AppTarget.swift in Sources */,
				BB0000000000000000000004 /* IconApplier.swift in Sources */,
				BB0000000000000000000005 /* MacOSIconsWebView.swift in Sources */,
				BB0000000000000000000008 /* AppLibrary.swift in Sources */,
			);
			runOnlyForDeploymentPostprocessing = 0;
		};
/* End PBXSourcesBuildPhase section */

/* Begin XCBuildConfiguration section */
		4400000000000000000002 /* Debug */ = {
			isa = XCBuildConfiguration;
			buildSettings = {
				ALWAYS_SEARCH_USER_PATHS = NO;
				CLANG_ANALYZER_NONNULL = YES;
				CLANG_ENABLE_MODULES = YES;
				CLANG_ENABLE_OBJC_ARC = YES;
				COPY_PHASE_STRIP = NO;
				DEBUG_INFORMATION_FORMAT = dwarf;
				ENABLE_STRICT_OBJC_MSGSEND = YES;
				ENABLE_TESTABILITY = YES;
				GCC_DYNAMIC_NO_PIC = NO;
				GCC_OPTIMIZATION_LEVEL = 0;
				GCC_PREPROCESSOR_DEFINITIONS = (
					"DEBUG=1",
					"$(inherited)",
				);
				MACOSX_DEPLOYMENT_TARGET = 14.0;
				ONLY_ACTIVE_ARCH = YES;
				SDKROOT = macosx;
				SWIFT_ACTIVE_COMPILATION_CONDITIONS = DEBUG;
				SWIFT_OPTIMIZATION_LEVEL = "-Onone";
			};
			name = Debug;
		};
		4400000000000000000003 /* Release */ = {
			isa = XCBuildConfiguration;
			buildSettings = {
				ALWAYS_SEARCH_USER_PATHS = NO;
				CLANG_ANALYZER_NONNULL = YES;
				CLANG_ENABLE_MODULES = YES;
				CLANG_ENABLE_OBJC_ARC = YES;
				COPY_PHASE_STRIP = NO;
				DEBUG_INFORMATION_FORMAT = "dwarf-with-dsym";
				ENABLE_NS_ASSERTIONS = NO;
				ENABLE_STRICT_OBJC_MSGSEND = YES;
				GCC_OPTIMIZATION_LEVEL = s;
				MACOSX_DEPLOYMENT_TARGET = 14.0;
				SDKROOT = macosx;
				SWIFT_COMPILATION_MODE = wholemodule;
				SWIFT_OPTIMIZATION_LEVEL = "-O";
			};
			name = Release;
		};
		5500000000000000000002 /* Debug */ = {
			isa = XCBuildConfiguration;
			buildSettings = {
				ASSETCATALOG_COMPILER_GENERATE_ASSET_SYMBOLS = NO;
				CODE_SIGN_ENTITLEMENTS = ChangeYourIcons/ChangeYourIcons.entitlements;
				CODE_SIGN_IDENTITY = "-";
				CODE_SIGN_STYLE = Manual;
				COMBINE_HIDPI_IMAGES = YES;
				CURRENT_PROJECT_VERSION = 1;
				DEVELOPMENT_TEAM = "";
				ENABLE_HARDENED_RUNTIME = NO;
				GENERATE_INFOPLIST_FILE = NO;
				INFOPLIST_FILE = ChangeYourIcons/Info.plist;
				LD_RUNPATH_SEARCH_PATHS = (
					"$(inherited)",
					"@executable_path/../Frameworks",
				);
				MARKETING_VERSION = 1.0;
				PRODUCT_BUNDLE_IDENTIFIER = com.julio.ChangeYourIcons;
				PRODUCT_NAME = "$(TARGET_NAME)";
				PROVISIONING_PROFILE_SPECIFIER = "";
				SWIFT_EMIT_LOC_STRINGS = YES;
				SWIFT_VERSION = 5.0;
			};
			name = Debug;
		};
		5500000000000000000003 /* Release */ = {
			isa = XCBuildConfiguration;
			buildSettings = {
				ASSETCATALOG_COMPILER_GENERATE_ASSET_SYMBOLS = NO;
				CODE_SIGN_ENTITLEMENTS = ChangeYourIcons/ChangeYourIcons.entitlements;
				CODE_SIGN_IDENTITY = "-";
				CODE_SIGN_STYLE = Manual;
				COMBINE_HIDPI_IMAGES = YES;
				CURRENT_PROJECT_VERSION = 1;
				DEVELOPMENT_TEAM = "";
				ENABLE_HARDENED_RUNTIME = NO;
				GENERATE_INFOPLIST_FILE = NO;
				INFOPLIST_FILE = ChangeYourIcons/Info.plist;
				LD_RUNPATH_SEARCH_PATHS = (
					"$(inherited)",
					"@executable_path/../Frameworks",
				);
				MARKETING_VERSION = 1.0;
				PRODUCT_BUNDLE_IDENTIFIER = com.julio.ChangeYourIcons;
				PRODUCT_NAME = "$(TARGET_NAME)";
				PROVISIONING_PROFILE_SPECIFIER = "";
				SWIFT_EMIT_LOC_STRINGS = YES;
				SWIFT_VERSION = 5.0;
			};
			name = Release;
		};
/* End XCBuildConfiguration section */

/* Begin XCConfigurationList section */
		4400000000000000000001 /* Build configuration list for PBXProject "ChangeYourIcons" */ = {
			isa = XCConfigurationList;
			buildConfigurations = (
				4400000000000000000002 /* Debug */,
				4400000000000000000003 /* Release */,
			);
			defaultConfigurationIsVisible = 0;
			defaultConfigurationName = Release;
		};
		5500000000000000000001 /* Build configuration list for PBXNativeTarget "ChangeYourIcons" */ = {
			isa = XCConfigurationList;
			buildConfigurations = (
				5500000000000000000002 /* Debug */,
				5500000000000000000003 /* Release */,
			);
			defaultConfigurationIsVisible = 0;
			defaultConfigurationName = Release;
		};
/* End XCConfigurationList section */
	};
	rootObject = FF0000000000000000000001 /* Project object */;
}
